
Microsoft Visual Studio Solution File, Format Version 12.00
# Visual Studio Version 17
VisualStudioVersion = 17.10.35201.131
MinimumVisualStudioVersion = 10.0.40219.1
Project("{FAE04EC0-301F-11D3-BF4B-00C04F79EFBC}") = "AMVchallenge", "AMVchallenge\AMVchallenge.csproj", "{8B1C38C4-480D-4441-B489-4B0CDD420A2A}"
EndProject
Global
	GlobalSection(SolutionConfigurationPlatforms) = preSolution
		Debug|Any CPU = Debug|Any CPU
		Release|Any CPU = Release|Any CPU
	EndGlobalSection
	GlobalSection(ProjectConfigurationPlatforms) = postSolution
		{8B1C38C4-480D-4441-B489-4B0CDD420A2A}.Debug|Any CPU.ActiveCfg = Debug|Any CPU
		{8B1C38C4-480D-4441-B489-4B0CDD420A2A}.Debug|Any CPU.Build.0 = Debug|Any CPU
		{8B1C38C4-480D-4441-B489-4B0CDD420A2A}.Release|Any CPU.ActiveCfg = Release|Any CPU
		{8B1C38C4-480D-4441-B489-4B0CDD420A2A}.Release|Any CPU.Build.0 = Release|Any CPU
	EndGlobalSection
	GlobalSection(SolutionProperties) = preSolution
		HideSolutionNode = FALSE
	EndGlobalSection
	GlobalSection(ExtensibilityGlobals) = postSolution
		SolutionGuid = {76F4770D-350C-473F-84AF-81B869EEAED7}
	EndGlobalSection
EndGlobal
